PODS:
  - RxBlocking (6.1.0):
    - RxSwift (= 6.1.0)
  - RxCocoa (6.1.0):
    - RxRelay (= 6.1.0)
    - RxSwift (= 6.1.0)
  - RxRelay (6.1.0):
    - RxSwift (= 6.1.0)
  - RxSwift (6.1.0)
  - RxTest (6.1.0):
    - RxSwift (= 6.1.0)
  - SwiftLint (0.43.1)

DEPENDENCIES:
  - RxBlocking (= 6.1.0)
  - RxCocoa (= 6.1.0)
  - RxSwift (= 6.1.0)
  - RxTest (= 6.1.0)
  - SwiftLint

SPEC REPOS:
  trunk:
    - RxBlocking
    - RxCocoa
    - RxRelay
    - RxSwift
    - RxTest
    - SwiftLint

SPEC CHECKSUMS:
  RxBlocking: 602095fba0bce7b16b56ccec89edf780c248b7d9
  RxCocoa: 5c51f02d562cbd94629f6c26cf0c80fe4ab8d343
  RxRelay: 483e1a19fad961b41f0b0c0bee506f46c1ae14fe
  RxSwift: a834e5c538e89eca0cae86f403f4fbf0336786ce
  RxTest: 9d26616eaff4a7e75f4ecae9b2c24840f2e8218d
  SwiftLint: 99f82d07b837b942dd563c668de129a03fc3fb52

PODFILE CHECKSUM: adc380e25be5728dcc73af8b113134b36eb95cbb

COCOAPODS: 1.10.1
