// !$*UTF8*$!
{
	archiveVersion = 1;
	classes = {
	};
	objectVersion = 51;
	objects = {

/* Begin PBXBuildFile section */
		0EF73272F024B511C1BF646A /* Pods_ChuckNorryFactsTests.framework in Frameworks */ = {isa = PBXBuildFile; fileRef = 81A76637566931B777BD421F /* Pods_ChuckNorryFactsTests.framework */; };
		42B10BEE26250C680060677B /* AppDelegate.swift in Sources */ = {isa = PBXBuildFile; fileRef = 42B10BED26250C680060677B /* AppDelegate.swift */; };
		42B10BF026250C680060677B /* SceneDelegate.swift in Sources */ = {isa = PBXBuildFile; fileRef = 42B10BEF26250C680060677B /* SceneDelegate.swift */; };
		42B10BF226250C680060677B /* ViewController.swift in Sources */ = {isa = PBXBuildFile; fileRef = 42B10BF126250C680060677B /* ViewController.swift */; };
		42B10BF526250C680060677B /* Main.storyboard in Resources */ = {isa = PBXBuildFile; fileRef = 42B10BF326250C680060677B /* Main.storyboard */; };
		42B10BF726250C6B0060677B /* Assets.xcassets in Resources */ = {isa = PBXBuildFile; fileRef = 42B10BF626250C6B0060677B /* Assets.xcassets */; };
		42B10BFA26250C6B0060677B /* LaunchScreen.storyboard in Resources */ = {isa = PBXBuildFile; fileRef = 42B10BF826250C6B0060677B /* LaunchScreen.storyboard */; };
		42B10C0526250C6B0060677B /* ChuckNorryFactsTests.swift in Sources */ = {isa = PBXBuildFile; fileRef = 42B10C0426250C6B0060677B /* ChuckNorryFactsTests.swift */; };
		42B10C1026250C6B0060677B /* ChuckNorryFactsUITests.swift in Sources */ = {isa = PBXBuildFile; fileRef = 42B10C0F26250C6B0060677B /* ChuckNorryFactsUITests.swift */; };
		FAEB81248156C5C0E1DDDBC5 /* Pods_ChuckNorryFacts.framework in Frameworks */ = {isa = PBXBuildFile; fileRef = 6F4908C9ECCBB331FCABB230 /* Pods_ChuckNorryFacts.framework */; };
		FD8E0347DA51C1681D71FE30 /* Pods_ChuckNorryFacts_ChuckNorryFactsUITests.framework in Frameworks */ = {isa = PBXBuildFile; fileRef = FFDCA9100321DFCEECC02B48 /* Pods_ChuckNorryFacts_ChuckNorryFactsUITests.framework */; };
/* End PBXBuildFile section */

/* Begin PBXContainerItemProxy section */
		42B10C0126250C6B0060677B /* PBXContainerItemProxy */ = {
			isa = PBXContainerItemProxy;
			containerPortal = 42B10BE226250C670060677B /* Project object */;
			proxyType = 1;
			remoteGlobalIDString = 42B10BE926250C670060677B;
			remoteInfo = ChuckNorryFacts;
		};
		42B10C0C26250C6B0060677B /* PBXContainerItemProxy */ = {
			isa = PBXContainerItemProxy;
			containerPortal = 42B10BE226250C670060677B /* Project object */;
			proxyType = 1;
			remoteGlobalIDString = 42B10BE926250C670060677B;
			remoteInfo = ChuckNorryFacts;
		};
/* End PBXContainerItemProxy section */

/* Begin PBXFileReference section */
		0B3B59CF70E45F6DB1886EAE /* Pods-ChuckNorryFactsTests.release.xcconfig */ = {isa = PBXFileReference; includeInIndex = 1; lastKnownFileType = text.xcconfig; name = "Pods-ChuckNorryFactsTests.release.xcconfig"; path = "Target Support Files/Pods-ChuckNorryFactsTests/Pods-ChuckNorryFactsTests.release.xcconfig"; sourceTree = "<group>"; };
		42B10BEA26250C670060677B /* ChuckNorryFacts.app */ = {isa = PBXFileReference; explicitFileType = wrapper.application; includeInIndex = 0; path = ChuckNorryFacts.app; sourceTree = BUILT_PRODUCTS_DIR; };
		42B10BED26250C680060677B /* AppDelegate.swift */ = {isa = PBXFileReference; lastKnownFileType = sourcecode.swift; path = AppDelegate.swift; sourceTree = "<group>"; };
		42B10BEF26250C680060677B /* SceneDelegate.swift */ = {isa = PBXFileReference; lastKnownFileType = sourcecode.swift; path = SceneDelegate.swift; sourceTree = "<group>"; };
		42B10BF126250C680060677B /* ViewController.swift */ = {isa = PBXFileReference; lastKnownFileType = sourcecode.swift; path = ViewController.swift; sourceTree = "<group>"; };
		42B10BF426250C680060677B /* Base */ = {isa = PBXFileReference; lastKnownFileType = file.storyboard; name = Base; path = Base.lproj/Main.storyboard; sourceTree = "<group>"; };
		42B10BF626250C6B0060677B /* Assets.xcassets */ = {isa = PBXFileReference; lastKnownFileType = folder.assetcatalog; path = Assets.xcassets; sourceTree = "<group>"; };
		42B10BF926250C6B0060677B /* Base */ = {isa = PBXFileReference; lastKnownFileType = file.storyboard; name = Base; path = Base.lproj/LaunchScreen.storyboard; sourceTree = "<group>"; };
		42B10BFB26250C6B0060677B /* Info.plist */ = {isa = PBXFileReference; lastKnownFileType = text.plist.xml; path = Info.plist; sourceTree = "<group>"; };
		42B10C0026250C6B0060677B /* ChuckNorryFactsTests.xctest */ = {isa = PBXFileReference; explicitFileType = wrapper.cfbundle; includeInIndex = 0; path = ChuckNorryFactsTests.xctest; sourceTree = BUILT_PRODUCTS_DIR; };
		42B10C0426250C6B0060677B /* ChuckNorryFactsTests.swift */ = {isa = PBXFileReference; lastKnownFileType = sourcecode.swift; path = ChuckNorryFactsTests.swift; sourceTree = "<group>"; };
		42B10C0626250C6B0060677B /* Info.plist */ = {isa = PBXFileReference; lastKnownFileType = text.plist.xml; path = Info.plist; sourceTree = "<group>"; };
		42B10C0B26250C6B0060677B /* ChuckNorryFactsUITests.xctest */ = {isa = PBXFileReference; explicitFileType = wrapper.cfbundle; includeInIndex = 0; path = ChuckNorryFactsUITests.xctest; sourceTree = BUILT_PRODUCTS_DIR; };
		42B10C0F26250C6B0060677B /* ChuckNorryFactsUITests.swift */ = {isa = PBXFileReference; lastKnownFileType = sourcecode.swift; path = ChuckNorryFactsUITests.swift; sourceTree = "<group>"; };
		42B10C1126250C6B0060677B /* Info.plist */ = {isa = PBXFileReference; lastKnownFileType = text.plist.xml; path = Info.plist; sourceTree = "<group>"; };
		5D79617B44315D04812EFFE9 /* Pods-ChuckNorryFacts-ChuckNorryFactsUITests.debug.xcconfig */ = {isa = PBXFileReference; includeInIndex = 1; lastKnownFileType = text.xcconfig; name = "Pods-ChuckNorryFacts-ChuckNorryFactsUITests.debug.xcconfig"; path = "Target Support Files/Pods-ChuckNorryFacts-ChuckNorryFactsUITests/Pods-ChuckNorryFacts-ChuckNorryFactsUITests.debug.xcconfig"; sourceTree = "<group>"; };
		6F4908C9ECCBB331FCABB230 /* Pods_ChuckNorryFacts.framework */ = {isa = PBXFileReference; explicitFileType = wrapper.framework; includeInIndex = 0; path = Pods_ChuckNorryFacts.framework; sourceTree = BUILT_PRODUCTS_DIR; };
		81A76637566931B777BD421F /* Pods_ChuckNorryFactsTests.framework */ = {isa = PBXFileReference; explicitFileType = wrapper.framework; includeInIndex = 0; path = Pods_ChuckNorryFactsTests.framework; sourceTree = BUILT_PRODUCTS_DIR; };
		85057AF88AEAF57DE6F13A22 /* Pods-ChuckNorryFacts.debug.xcconfig */ = {isa = PBXFileReference; includeInIndex = 1; lastKnownFileType = text.xcconfig; name = "Pods-ChuckNorryFacts.debug.xcconfig"; path = "Target Support Files/Pods-ChuckNorryFacts/Pods-ChuckNorryFacts.debug.xcconfig"; sourceTree = "<group>"; };
		8EC5E21E6491732455563F81 /* Pods-ChuckNorryFacts-ChuckNorryFactsUITests.release.xcconfig */ = {isa = PBXFileReference; includeInIndex = 1; lastKnownFileType = text.xcconfig; name = "Pods-ChuckNorryFacts-ChuckNorryFactsUITests.release.xcconfig"; path = "Target Support Files/Pods-ChuckNorryFacts-ChuckNorryFactsUITests/Pods-ChuckNorryFacts-ChuckNorryFactsUITests.release.xcconfig"; sourceTree = "<group>"; };
		90E22E2E54B02B57F2023201 /* Pods-ChuckNorryFacts.release.xcconfig */ = {isa = PBXFileReference; includeInIndex = 1; lastKnownFileType = text.xcconfig; name = "Pods-ChuckNorryFacts.release.xcconfig"; path = "Target Support Files/Pods-ChuckNorryFacts/Pods-ChuckNorryFacts.release.xcconfig"; sourceTree = "<group>"; };
		F3669064F9F45CDF7427DBBC /* Pods-ChuckNorryFactsTests.debug.xcconfig */ = {isa = PBXFileReference; includeInIndex = 1; lastKnownFileType = text.xcconfig; name = "Pods-ChuckNorryFactsTests.debug.xcconfig"; path = "Target Support Files/Pods-ChuckNorryFactsTests/Pods-ChuckNorryFactsTests.debug.xcconfig"; sourceTree = "<group>"; };
		FFDCA9100321DFCEECC02B48 /* Pods_ChuckNorryFacts_ChuckNorryFactsUITests.framework */ = {isa = PBXFileReference; explicitFileType = wrapper.framework; includeInIndex = 0; path = Pods_ChuckNorryFacts_ChuckNorryFactsUITests.framework; sourceTree = BUILT_PRODUCTS_DIR; };
/* End PBXFileReference section */

/* Begin PBXFrameworksBuildPhase section */
		42B10BE726250C670060677B /* Frameworks */ = {
			isa = PBXFrameworksBuildPhase;
			buildActionMask = 2147483647;
			files = (
				FAEB81248156C5C0E1DDDBC5 /* Pods_ChuckNorryFacts.framework in Frameworks */,
			);
			runOnlyForDeploymentPostprocessing = 0;
		};
		42B10BFD26250C6B0060677B /* Frameworks */ = {
			isa = PBXFrameworksBuildPhase;
			buildActionMask = 2147483647;
			files = (
				0EF73272F024B511C1BF646A /* Pods_ChuckNorryFactsTests.framework in Frameworks */,
			);
			runOnlyForDeploymentPostprocessing = 0;
		};
		42B10C0826250C6B0060677B /* Frameworks */ = {
			isa = PBXFrameworksBuildPhase;
			buildActionMask = 2147483647;
			files = (
				FD8E0347DA51C1681D71FE30 /* Pods_ChuckNorryFacts_ChuckNorryFactsUITests.framework in Frameworks */,
			);
			runOnlyForDeploymentPostprocessing = 0;
		};
/* End PBXFrameworksBuildPhase section */

/* Begin PBXGroup section */
		42B10BE126250C670060677B = {
			isa = PBXGroup;
			children = (
				42B10BEC26250C670060677B /* ChuckNorryFacts */,
				42B10C0326250C6B0060677B /* ChuckNorryFactsTests */,
				42B10C0E26250C6B0060677B /* ChuckNorryFactsUITests */,
				42B10BEB26250C670060677B /* Products */,
				88927BF8BDCD3F842B61980F /* Pods */,
				A1B7BBF6112FC7ED99BE3638 /* Frameworks */,
			);
			sourceTree = "<group>";
		};
		42B10BEB26250C670060677B /* Products */ = {
			isa = PBXGroup;
			children = (
				42B10BEA26250C670060677B /* ChuckNorryFacts.app */,
				42B10C0026250C6B0060677B /* ChuckNorryFactsTests.xctest */,
				42B10C0B26250C6B0060677B /* ChuckNorryFactsUITests.xctest */,
			);
			name = Products;
			sourceTree = "<group>";
		};
		42B10BEC26250C670060677B /* ChuckNorryFacts */ = {
			isa = PBXGroup;
			children = (
				42B10BED26250C680060677B /* AppDelegate.swift */,
				42B10BEF26250C680060677B /* SceneDelegate.swift */,
				42B10BF126250C680060677B /* ViewController.swift */,
				42B10BF326250C680060677B /* Main.storyboard */,
				42B10BF626250C6B0060677B /* Assets.xcassets */,
				42B10BF826250C6B0060677B /* LaunchScreen.storyboard */,
				42B10BFB26250C6B0060677B /* Info.plist */,
			);
			path = ChuckNorryFacts;
			sourceTree = "<group>";
		};
		42B10C0326250C6B0060677B /* ChuckNorryFactsTests */ = {
			isa = PBXGroup;
			children = (
				42B10C0426250C6B0060677B /* ChuckNorryFactsTests.swift */,
				42B10C0626250C6B0060677B /* Info.plist */,
			);
			path = ChuckNorryFactsTests;
			sourceTree = "<group>";
		};
		42B10C0E26250C6B0060677B /* ChuckNorryFactsUITests */ = {
			isa = PBXGroup;
			children = (
				42B10C0F26250C6B0060677B /* ChuckNorryFactsUITests.swift */,
				42B10C1126250C6B0060677B /* Info.plist */,
			);
			path = ChuckNorryFactsUITests;
			sourceTree = "<group>";
		};
		88927BF8BDCD3F842B61980F /* Pods */ = {
			isa = PBXGroup;
			children = (
				85057AF88AEAF57DE6F13A22 /* Pods-ChuckNorryFacts.debug.xcconfig */,
				90E22E2E54B02B57F2023201 /* Pods-ChuckNorryFacts.release.xcconfig */,
				5D79617B44315D04812EFFE9 /* Pods-ChuckNorryFacts-ChuckNorryFactsUITests.debug.xcconfig */,
				8EC5E21E6491732455563F81 /* Pods-ChuckNorryFacts-ChuckNorryFactsUITests.release.xcconfig */,
				F3669064F9F45CDF7427DBBC /* Pods-ChuckNorryFactsTests.debug.xcconfig */,
				0B3B59CF70E45F6DB1886EAE /* Pods-ChuckNorryFactsTests.release.xcconfig */,
			);
			path = Pods;
			sourceTree = "<group>";
		};
		A1B7BBF6112FC7ED99BE3638 /* Frameworks */ = {
			isa = PBXGroup;
			children = (
				6F4908C9ECCBB331FCABB230 /* Pods_ChuckNorryFacts.framework */,
				FFDCA9100321DFCEECC02B48 /* Pods_ChuckNorryFacts_ChuckNorryFactsUITests.framework */,
				81A76637566931B777BD421F /* Pods_ChuckNorryFactsTests.framework */,
			);
			name = Frameworks;
			sourceTree = "<group>";
		};
/* End PBXGroup section */

/* Begin PBXNativeTarget section */
		42B10BE926250C670060677B /* ChuckNorryFacts */ = {
			isa = PBXNativeTarget;
			buildConfigurationList = 42B10C1426250C6B0060677B /* Build configuration list for PBXNativeTarget "ChuckNorryFacts" */;
			buildPhases = (
				3AAE6E875DCA59F2C4D6B541 /* [CP] Check Pods Manifest.lock */,
				42B10BE626250C670060677B /* Sources */,
				42B10BE726250C670060677B /* Frameworks */,
				42B10BE826250C670060677B /* Resources */,
				998D887988F07850E1162C54 /* [CP] Embed Pods Frameworks */,
				42B10C4C262528240060677B /* ShellScript */,
			);
			buildRules = (
			);
			dependencies = (
			);
			name = ChuckNorryFacts;
			productName = ChuckNorryFacts;
			productReference = 42B10BEA26250C670060677B /* ChuckNorryFacts.app */;
			productType = "com.apple.product-type.application";
		};
		42B10BFF26250C6B0060677B /* ChuckNorryFactsTests */ = {
			isa = PBXNativeTarget;
			buildConfigurationList = 42B10C1726250C6B0060677B /* Build configuration list for PBXNativeTarget "ChuckNorryFactsTests" */;
			buildPhases = (
				9C2B0C95439371A60E378438 /* [CP] Check Pods Manifest.lock */,
				42B10BFC26250C6B0060677B /* Sources */,
				42B10BFD26250C6B0060677B /* Frameworks */,
				42B10BFE26250C6B0060677B /* Resources */,
				44F3B615EF473CDFD618D599 /* [CP] Embed Pods Frameworks */,
			);
			buildRules = (
			);
			dependencies = (
				42B10C0226250C6B0060677B /* PBXTargetDependency */,
			);
			name = ChuckNorryFactsTests;
			productName = ChuckNorryFactsTests;
			productReference = 42B10C0026250C6B0060677B /* ChuckNorryFactsTests.xctest */;
			productType = "com.apple.product-type.bundle.unit-test";
		};
		42B10C0A26250C6B0060677B /* ChuckNorryFactsUITests */ = {
			isa = PBXNativeTarget;
			buildConfigurationList = 42B10C1A26250C6B0060677B /* Build configuration list for PBXNativeTarget "ChuckNorryFactsUITests" */;
			buildPhases = (
				F8236174994D4B597E133B68 /* [CP] Check Pods Manifest.lock */,
				42B10C0726250C6B0060677B /* Sources */,
				42B10C0826250C6B0060677B /* Frameworks */,
				42B10C0926250C6B0060677B /* Resources */,
				5EBDC1A1D192079C50425351 /* [CP] Embed Pods Frameworks */,
			);
			buildRules = (
			);
			dependencies = (
				42B10C0D26250C6B0060677B /* PBXTargetDependency */,
			);
			name = ChuckNorryFactsUITests;
			productName = ChuckNorryFactsUITests;
			productReference = 42B10C0B26250C6B0060677B /* ChuckNorryFactsUITests.xctest */;
			productType = "com.apple.product-type.bundle.ui-testing";
		};
/* End PBXNativeTarget section */

/* Begin PBXProject section */
		42B10BE226250C670060677B /* Project object */ = {
			isa = PBXProject;
			attributes = {
				LastSwiftUpdateCheck = 1240;
				LastUpgradeCheck = 1240;
				TargetAttributes = {
					42B10BE926250C670060677B = {
						CreatedOnToolsVersion = 12.4;
					};
					42B10BFF26250C6B0060677B = {
						CreatedOnToolsVersion = 12.4;
						TestTargetID = 42B10BE926250C670060677B;
					};
					42B10C0A26250C6B0060677B = {
						CreatedOnToolsVersion = 12.4;
						TestTargetID = 42B10BE926250C670060677B;
					};
				};
			};
			buildConfigurationList = 42B10BE526250C670060677B /* Build configuration list for PBXProject "ChuckNorryFacts" */;
			compatibilityVersion = "Xcode 9.3";
			developmentRegion = en;
			hasScannedForEncodings = 0;
			knownRegions = (
				en,
				Base,
			);
			mainGroup = 42B10BE126250C670060677B;
			productRefGroup = 42B10BEB26250C670060677B /* Products */;
			projectDirPath = "";
			projectRoot = "";
			targets = (
				42B10BE926250C670060677B /* ChuckNorryFacts */,
				42B10BFF26250C6B0060677B /* ChuckNorryFactsTests */,
				42B10C0A26250C6B0060677B /* ChuckNorryFactsUITests */,
			);
		};
/* End PBXProject section */

/* Begin PBXResourcesBuildPhase section */
		42B10BE826250C670060677B /* Resources */ = {
			isa = PBXResourcesBuildPhase;
			buildActionMask = 2147483647;
			files = (
				42B10BFA26250C6B0060677B /* LaunchScreen.storyboard in Resources */,
				42B10BF726250C6B0060677B /* Assets.xcassets in Resources */,
				42B10BF526250C680060677B /* Main.storyboard in Resources */,
			);
			runOnlyForDeploymentPostprocessing = 0;
		};
		42B10BFE26250C6B0060677B /* Resources */ = {
			isa = PBXResourcesBuildPhase;
			buildActionMask = 2147483647;
			files = (
			);
			runOnlyForDeploymentPostprocessing = 0;
		};
		42B10C0926250C6B0060677B /* Resources */ = {
			isa = PBXResourcesBuildPhase;
			buildActionMask = 2147483647;
			files = (
			);
			runOnlyForDeploymentPostprocessing = 0;
		};
/* End PBXResourcesBuildPhase section */

/* Begin PBXShellScriptBuildPhase section */
		3AAE6E875DCA59F2C4D6B541 /* [CP] Check Pods Manifest.lock */ = {
			isa = PBXShellScriptBuildPhase;
			buildActionMask = 2147483647;
			files = (
			);
			inputFileListPaths = (
			);
			inputPaths = (
				"${PODS_PODFILE_DIR_PATH}/Podfile.lock",
				"${PODS_ROOT}/Manifest.lock",
			);
			name = "[CP] Check Pods Manifest.lock";
			outputFileListPaths = (
			);
			outputPaths = (
				"$(DERIVED_FILE_DIR)/Pods-ChuckNorryFacts-checkManifestLockResult.txt",
			);
			runOnlyForDeploymentPostprocessing = 0;
			shellPath = /bin/sh;
			shellScript = "diff \"${PODS_PODFILE_DIR_PATH}/Podfile.lock\" \"${PODS_ROOT}/Manifest.lock\" > /dev/null\nif [ $? != 0 ] ; then\n    # print error to STDERR\n    echo \"error: The sandbox is not in sync with the Podfile.lock. Run 'pod install' or update your CocoaPods installation.\" >&2\n    exit 1\nfi\n# This output is used by Xcode 'outputs' to avoid re-running this script phase.\necho \"SUCCESS\" > \"${SCRIPT_OUTPUT_FILE_0}\"\n";
			showEnvVarsInLog = 0;
		};
		42B10C4C262528240060677B /* ShellScript */ = {
			isa = PBXShellScriptBuildPhase;
			buildActionMask = 2147483647;
			files = (
			);
			inputFileListPaths = (
			);
			inputPaths = (
			);
			outputFileListPaths = (
			);
			outputPaths = (
			);
			runOnlyForDeploymentPostprocessing = 0;
			shellPath = /bin/sh;
			shellScript = "# Type a script or drag a script file from your workspace to insert its path.\nif which swiftlint >/dev/null; then\n  \"${PODS_ROOT}/SwiftLint/swiftlint\"\nelse\n  echo \"warning: SwiftLint not installed, download from https://github.com/realm/SwiftLint\"\nfi\n";
		};
		44F3B615EF473CDFD618D599 /* [CP] Embed Pods Frameworks */ = {
			isa = PBXShellScriptBuildPhase;
			buildActionMask = 2147483647;
			files = (
			);
			inputFileListPaths = (
				"${PODS_ROOT}/Target Support Files/Pods-ChuckNorryFactsTests/Pods-ChuckNorryFactsTests-frameworks-${CONFIGURATION}-input-files.xcfilelist",
			);
			name = "[CP] Embed Pods Frameworks";
			outputFileListPaths = (
				"${PODS_ROOT}/Target Support Files/Pods-ChuckNorryFactsTests/Pods-ChuckNorryFactsTests-frameworks-${CONFIGURATION}-output-files.xcfilelist",
			);
			runOnlyForDeploymentPostprocessing = 0;
			shellPath = /bin/sh;
			shellScript = "\"${PODS_ROOT}/Target Support Files/Pods-ChuckNorryFactsTests/Pods-ChuckNorryFactsTests-frameworks.sh\"\n";
			showEnvVarsInLog = 0;
		};
		5EBDC1A1D192079C50425351 /* [CP] Embed Pods Frameworks */ = {
			isa = PBXShellScriptBuildPhase;
			buildActionMask = 2147483647;
			files = (
			);
			inputFileListPaths = (
				"${PODS_ROOT}/Target Support Files/Pods-ChuckNorryFacts-ChuckNorryFactsUITests/Pods-ChuckNorryFacts-ChuckNorryFactsUITests-frameworks-${CONFIGURATION}-input-files.xcfilelist",
			);
			name = "[CP] Embed Pods Frameworks";
			outputFileListPaths = (
				"${PODS_ROOT}/Target Support Files/Pods-ChuckNorryFacts-ChuckNorryFactsUITests/Pods-ChuckNorryFacts-ChuckNorryFactsUITests-frameworks-${CONFIGURATION}-output-files.xcfilelist",
			);
			runOnlyForDeploymentPostprocessing = 0;
			shellPath = /bin/sh;
			shellScript = "\"${PODS_ROOT}/Target Support Files/Pods-ChuckNorryFacts-ChuckNorryFactsUITests/Pods-ChuckNorryFacts-ChuckNorryFactsUITests-frameworks.sh\"\n";
			showEnvVarsInLog = 0;
		};
		998D887988F07850E1162C54 /* [CP] Embed Pods Frameworks */ = {
			isa = PBXShellScriptBuildPhase;
			buildActionMask = 2147483647;
			files = (
			);
			inputFileListPaths = (
				"${PODS_ROOT}/Target Support Files/Pods-ChuckNorryFacts/Pods-ChuckNorryFacts-frameworks-${CONFIGURATION}-input-files.xcfilelist",
			);
			name = "[CP] Embed Pods Frameworks";
			outputFileListPaths = (
				"${PODS_ROOT}/Target Support Files/Pods-ChuckNorryFacts/Pods-ChuckNorryFacts-frameworks-${CONFIGURATION}-output-files.xcfilelist",
			);
			runOnlyForDeploymentPostprocessing = 0;
			shellPath = /bin/sh;
			shellScript = "\"${PODS_ROOT}/Target Support Files/Pods-ChuckNorryFacts/Pods-ChuckNorryFacts-frameworks.sh\"\n";
			showEnvVarsInLog = 0;
		};
		9C2B0C95439371A60E378438 /* [CP] Check Pods Manifest.lock */ = {
			isa = PBXShellScriptBuildPhase;
			buildActionMask = 2147483647;
			files = (
			);
			inputFileListPaths = (
			);
			inputPaths = (
				"${PODS_PODFILE_DIR_PATH}/Podfile.lock",
				"${PODS_ROOT}/Manifest.lock",
			);
			name = "[CP] Check Pods Manifest.lock";
			outputFileListPaths = (
			);
			outputPaths = (
				"$(DERIVED_FILE_DIR)/Pods-ChuckNorryFactsTests-checkManifestLockResult.txt",
			);
			runOnlyForDeploymentPostprocessing = 0;
			shellPath = /bin/sh;
			shellScript = "diff \"${PODS_PODFILE_DIR_PATH}/Podfile.lock\" \"${PODS_ROOT}/Manifest.lock\" > /dev/null\nif [ $? != 0 ] ; then\n    # print error to STDERR\n    echo \"error: The sandbox is not in sync with the Podfile.lock. Run 'pod install' or update your CocoaPods installation.\" >&2\n    exit 1\nfi\n# This output is used by Xcode 'outputs' to avoid re-running this script phase.\necho \"SUCCESS\" > \"${SCRIPT_OUTPUT_FILE_0}\"\n";
			showEnvVarsInLog = 0;
		};
		F8236174994D4B597E133B68 /* [CP] Check Pods Manifest.lock */ = {
			isa = PBXShellScriptBuildPhase;
			buildActionMask = 2147483647;
			files = (
			);
			inputFileListPaths = (
			);
			inputPaths = (
				"${PODS_PODFILE_DIR_PATH}/Podfile.lock",
				"${PODS_ROOT}/Manifest.lock",
			);
			name = "[CP] Check Pods Manifest.lock";
			outputFileListPaths = (
			);
			outputPaths = (
				"$(DERIVED_FILE_DIR)/Pods-ChuckNorryFacts-ChuckNorryFactsUITests-checkManifestLockResult.txt",
			);
			runOnlyForDeploymentPostprocessing = 0;
			shellPath = /bin/sh;
			shellScript = "diff \"${PODS_PODFILE_DIR_PATH}/Podfile.lock\" \"${PODS_ROOT}/Manifest.lock\" > /dev/null\nif [ $? != 0 ] ; then\n    # print error to STDERR\n    echo \"error: The sandbox is not in sync with the Podfile.lock. Run 'pod install' or update your CocoaPods installation.\" >&2\n    exit 1\nfi\n# This output is used by Xcode 'outputs' to avoid re-running this script phase.\necho \"SUCCESS\" > \"${SCRIPT_OUTPUT_FILE_0}\"\n";
			showEnvVarsInLog = 0;
		};
/* End PBXShellScriptBuildPhase section */

/* Begin PBXSourcesBuildPhase section */
		42B10BE626250C670060677B /* Sources */ = {
			isa = PBXSourcesBuildPhase;
			buildActionMask = 2147483647;
			files = (
				42B10BF226250C680060677B /* ViewController.swift in Sources */,
				42B10BEE26250C680060677B /* AppDelegate.swift in Sources */,
				42B10BF026250C680060677B /* SceneDelegate.swift in Sources */,
			);
			runOnlyForDeploymentPostprocessing = 0;
		};
		42B10BFC26250C6B0060677B /* Sources */ = {
			isa = PBXSourcesBuildPhase;
			buildActionMask = 2147483647;
			files = (
				42B10C0526250C6B0060677B /* ChuckNorryFactsTests.swift in Sources */,
			);
			runOnlyForDeploymentPostprocessing = 0;
		};
		42B10C0726250C6B0060677B /* Sources */ = {
			isa = PBXSourcesBuildPhase;
			buildActionMask = 2147483647;
			files = (
				42B10C1026250C6B0060677B /* ChuckNorryFactsUITests.swift in Sources */,
			);
			runOnlyForDeploymentPostprocessing = 0;
		};
/* End PBXSourcesBuildPhase section */

/* Begin PBXTargetDependency section */
		42B10C0226250C6B0060677B /* PBXTargetDependency */ = {
			isa = PBXTargetDependency;
			target = 42B10BE926250C670060677B /* ChuckNorryFacts */;
			targetProxy = 42B10C0126250C6B0060677B /* PBXContainerItemProxy */;
		};
		42B10C0D26250C6B0060677B /* PBXTargetDependency */ = {
			isa = PBXTargetDependency;
			target = 42B10BE926250C670060677B /* ChuckNorryFacts */;
			targetProxy = 42B10C0C26250C6B0060677B /* PBXContainerItemProxy */;
		};
/* End PBXTargetDependency section */

/* Begin PBXVariantGroup section */
		42B10BF326250C680060677B /* Main.storyboard */ = {
			isa = PBXVariantGroup;
			children = (
				42B10BF426250C680060677B /* Base */,
			);
			name = Main.storyboard;
			sourceTree = "<group>";
		};
		42B10BF826250C6B0060677B /* LaunchScreen.storyboard */ = {
			isa = PBXVariantGroup;
			children = (
				42B10BF926250C6B0060677B /* Base */,
			);
			name = LaunchScreen.storyboard;
			sourceTree = "<group>";
		};
/* End PBXVariantGroup section */

/* Begin XCBuildConfiguration section */
		42B10C1226250C6B0060677B /* Debug */ = {
			isa = XCBuildConfiguration;
			buildSettings = {
				ALWAYS_SEARCH_USER_PATHS = NO;
				CLANG_ANALYZER_NONNULL = YES;
				CLANG_ANALYZER_NUMBER_OBJECT_CONVERSION = YES_AGGRESSIVE;
				CLANG_CXX_LANGUAGE_STANDARD = "gnu++14";
				CLANG_CXX_LIBRARY = "libc++";
				CLANG_ENABLE_MODULES = YES;
				CLANG_ENABLE_OBJC_ARC = YES;
				CLANG_ENABLE_OBJC_WEAK = YES;
				CLANG_WARN_BLOCK_CAPTURE_AUTORELEASING = YES;
				CLANG_WARN_BOOL_CONVERSION = YES;
				CLANG_WARN_COMMA = YES;
				CLANG_WARN_CONSTANT_CONVERSION = YES;
				CLANG_WARN_DEPRECATED_OBJC_IMPLEMENTATIONS = YES;
				CLANG_WARN_DIRECT_OBJC_ISA_USAGE = YES_ERROR;
				CLANG_WARN_DOCUMENTATION_COMMENTS = YES;
				CLANG_WARN_EMPTY_BODY = YES;
				CLANG_WARN_ENUM_CONVERSION = YES;
				CLANG_WARN_INFINITE_RECURSION = YES;
				CLANG_WARN_INT_CONVERSION = YES;
				CLANG_WARN_NON_LITERAL_NULL_CONVERSION = YES;
				CLANG_WARN_OBJC_IMPLICIT_RETAIN_SELF = YES;
				CLANG_WARN_OBJC_LITERAL_CONVERSION = YES;
				CLANG_WARN_OBJC_ROOT_CLASS = YES_ERROR;
				CLANG_WARN_QUOTED_INCLUDE_IN_FRAMEWORK_HEADER = YES;
				CLANG_WARN_RANGE_LOOP_ANALYSIS = YES;
				CLANG_WARN_STRICT_PROTOTYPES = YES;
				CLANG_WARN_SUSPICIOUS_MOVE = YES;
				CLANG_WARN_UNGUARDED_AVAILABILITY = YES_AGGRESSIVE;
				CLANG_WARN_UNREACHABLE_CODE = YES;
				CLANG_WARN__DUPLICATE_METHOD_MATCH = YES;
				COPY_PHASE_STRIP = NO;
				DEBUG_INFORMATION_FORMAT = dwarf;
				ENABLE_STRICT_OBJC_MSGSEND = YES;
				ENABLE_TESTABILITY = YES;
				GCC_C_LANGUAGE_STANDARD = gnu11;
				GCC_DYNAMIC_NO_PIC = NO;
				GCC_NO_COMMON_BLOCKS = YES;
				GCC_OPTIMIZATION_LEVEL = 0;
				GCC_PREPROCESSOR_DEFINITIONS = (
					"DEBUG=1",
					"$(inherited)",
				);
				GCC_WARN_64_TO_32_BIT_CONVERSION = YES;
				GCC_WARN_ABOUT_RETURN_TYPE = YES_ERROR;
				GCC_WARN_UNDECLARED_SELECTOR = YES;
				GCC_WARN_UNINITIALIZED_AUTOS = YES_AGGRESSIVE;
				GCC_WARN_UNUSED_FUNCTION = YES;
				GCC_WARN_UNUSED_VARIABLE = YES;
				IPHONEOS_DEPLOYMENT_TARGET = 14.4;
				MTL_ENABLE_DEBUG_INFO = INCLUDE_SOURCE;
				MTL_FAST_MATH = YES;
				ONLY_ACTIVE_ARCH = YES;
				SDKROOT = iphoneos;
				SWIFT_ACTIVE_COMPILATION_CONDITIONS = DEBUG;
				SWIFT_OPTIMIZATION_LEVEL = "-Onone";
			};
			name = Debug;
		};
		42B10C1326250C6B0060677B /* Release */ = {
			isa = XCBuildConfiguration;
			buildSettings = {
				ALWAYS_SEARCH_USER_PATHS = NO;
				CLANG_ANALYZER_NONNULL = YES;
				CLANG_ANALYZER_NUMBER_OBJECT_CONVERSION = YES_AGGRESSIVE;
				CLANG_CXX_LANGUAGE_STANDARD = "gnu++14";
				CLANG_CXX_LIBRARY = "libc++";
				CLANG_ENABLE_MODULES = YES;
				CLANG_ENABLE_OBJC_ARC = YES;
				CLANG_ENABLE_OBJC_WEAK = YES;
				CLANG_WARN_BLOCK_CAPTURE_AUTORELEASING = YES;
				CLANG_WARN_BOOL_CONVERSION = YES;
				CLANG_WARN_COMMA = YES;
				CLANG_WARN_CONSTANT_CONVERSION = YES;
				CLANG_WARN_DEPRECATED_OBJC_IMPLEMENTATIONS = YES;
				CLANG_WARN_DIRECT_OBJC_ISA_USAGE = YES_ERROR;
				CLANG_WARN_DOCUMENTATION_COMMENTS = YES;
				CLANG_WARN_EMPTY_BODY = YES;
				CLANG_WARN_ENUM_CONVERSION = YES;
				CLANG_WARN_INFINITE_RECURSION = YES;
				CLANG_WARN_INT_CONVERSION = YES;
				CLANG_WARN_NON_LITERAL_NULL_CONVERSION = YES;
				CLANG_WARN_OBJC_IMPLICIT_RETAIN_SELF = YES;
				CLANG_WARN_OBJC_LITERAL_CONVERSION = YES;
				CLANG_WARN_OBJC_ROOT_CLASS = YES_ERROR;
				CLANG_WARN_QUOTED_INCLUDE_IN_FRAMEWORK_HEADER = YES;
				CLANG_WARN_RANGE_LOOP_ANALYSIS = YES;
				CLANG_WARN_STRICT_PROTOTYPES = YES;
				CLANG_WARN_SUSPICIOUS_MOVE = YES;
				CLANG_WARN_UNGUARDED_AVAILABILITY = YES_AGGRESSIVE;
				CLANG_WARN_UNREACHABLE_CODE = YES;
				CLANG_WARN__DUPLICATE_METHOD_MATCH = YES;
				COPY_PHASE_STRIP = NO;
				DEBUG_INFORMATION_FORMAT = "dwarf-with-dsym";
				ENABLE_NS_ASSERTIONS = NO;
				ENABLE_STRICT_OBJC_MSGSEND = YES;
				GCC_C_LANGUAGE_STANDARD = gnu11;
				GCC_NO_COMMON_BLOCKS = YES;
				GCC_WARN_64_TO_32_BIT_CONVERSION = YES;
				GCC_WARN_ABOUT_RETURN_TYPE = YES_ERROR;
				GCC_WARN_UNDECLARED_SELECTOR = YES;
				GCC_WARN_UNINITIALIZED_AUTOS = YES_AGGRESSIVE;
				GCC_WARN_UNUSED_FUNCTION = YES;
				GCC_WARN_UNUSED_VARIABLE = YES;
				IPHONEOS_DEPLOYMENT_TARGET = 14.4;
				MTL_ENABLE_DEBUG_INFO = NO;
				MTL_FAST_MATH = YES;
				SDKROOT = iphoneos;
				SWIFT_COMPILATION_MODE = wholemodule;
				SWIFT_OPTIMIZATION_LEVEL = "-O";
				VALIDATE_PRODUCT = YES;
			};
			name = Release;
		};
		42B10C1526250C6B0060677B /* Debug */ = {
			isa = XCBuildConfiguration;
			baseConfigurationReference = 85057AF88AEAF57DE6F13A22 /* Pods-ChuckNorryFacts.debug.xcconfig */;
			buildSettings = {
				ASSETCATALOG_COMPILER_APPICON_NAME = AppIcon;
				ASSETCATALOG_COMPILER_GLOBAL_ACCENT_COLOR_NAME = AccentColor;
				CODE_SIGN_STYLE = Automatic;
				DEVELOPMENT_TEAM = 48FQ2LXW3X;
				INFOPLIST_FILE = ChuckNorryFacts/Info.plist;
				LD_RUNPATH_SEARCH_PATHS = (
					"$(inherited)",
					"@executable_path/Frameworks",
				);
				PRODUCT_BUNDLE_IDENTIFIER = olainternet97.ChuckNorryFacts;
				PRODUCT_NAME = "$(TARGET_NAME)";
				SWIFT_VERSION = 5.0;
				TARGETED_DEVICE_FAMILY = "1,2";
			};
			name = Debug;
		};
		42B10C1626250C6B0060677B /* Release */ = {
			isa = XCBuildConfiguration;
			baseConfigurationReference = 90E22E2E54B02B57F2023201 /* Pods-ChuckNorryFacts.release.xcconfig */;
			buildSettings = {
				ASSETCATALOG_COMPILER_APPICON_NAME = AppIcon;
				ASSETCATALOG_COMPILER_GLOBAL_ACCENT_COLOR_NAME = AccentColor;
				CODE_SIGN_STYLE = Automatic;
				DEVELOPMENT_TEAM = 48FQ2LXW3X;
				INFOPLIST_FILE = ChuckNorryFacts/Info.plist;
				LD_RUNPATH_SEARCH_PATHS = (
					"$(inherited)",
					"@executable_path/Frameworks",
				);
				PRODUCT_BUNDLE_IDENTIFIER = olainternet97.ChuckNorryFacts;
				PRODUCT_NAME = "$(TARGET_NAME)";
				SWIFT_VERSION = 5.0;
				TARGETED_DEVICE_FAMILY = "1,2";
			};
			name = Release;
		};
		42B10C1826250C6B0060677B /* Debug */ = {
			isa = XCBuildConfiguration;
			baseConfigurationReference = F3669064F9F45CDF7427DBBC /* Pods-ChuckNorryFactsTests.debug.xcconfig */;
			buildSettings = {
				ALWAYS_EMBED_SWIFT_STANDARD_LIBRARIES = YES;
				BUNDLE_LOADER = "$(TEST_HOST)";
				CODE_SIGN_STYLE = Automatic;
				DEVELOPMENT_TEAM = 48FQ2LXW3X;
				INFOPLIST_FILE = ChuckNorryFactsTests/Info.plist;
				IPHONEOS_DEPLOYMENT_TARGET = 14.4;
				LD_RUNPATH_SEARCH_PATHS = (
					"$(inherited)",
					"@executable_path/Frameworks",
					"@loader_path/Frameworks",
				);
				PRODUCT_BUNDLE_IDENTIFIER = olainternet97.ChuckNorryFactsTests;
				PRODUCT_NAME = "$(TARGET_NAME)";
				SWIFT_VERSION = 5.0;
				TARGETED_DEVICE_FAMILY = "1,2";
				TEST_HOST = "$(BUILT_PRODUCTS_DIR)/ChuckNorryFacts.app/ChuckNorryFacts";
			};
			name = Debug;
		};
		42B10C1926250C6B0060677B /* Release */ = {
			isa = XCBuildConfiguration;
			baseConfigurationReference = 0B3B59CF70E45F6DB1886EAE /* Pods-ChuckNorryFactsTests.release.xcconfig */;
			buildSettings = {
				ALWAYS_EMBED_SWIFT_STANDARD_LIBRARIES = YES;
				BUNDLE_LOADER = "$(TEST_HOST)";
				CODE_SIGN_STYLE = Automatic;
				DEVELOPMENT_TEAM = 48FQ2LXW3X;
				INFOPLIST_FILE = ChuckNorryFactsTests/Info.plist;
				IPHONEOS_DEPLOYMENT_TARGET = 14.4;
				LD_RUNPATH_SEARCH_PATHS = (
					"$(inherited)",
					"@executable_path/Frameworks",
					"@loader_path/Frameworks",
				);
				PRODUCT_BUNDLE_IDENTIFIER = olainternet97.ChuckNorryFactsTests;
				PRODUCT_NAME = "$(TARGET_NAME)";
				SWIFT_VERSION = 5.0;
				TARGETED_DEVICE_FAMILY = "1,2";
				TEST_HOST = "$(BUILT_PRODUCTS_DIR)/ChuckNorryFacts.app/ChuckNorryFacts";
			};
			name = Release;
		};
		42B10C1B26250C6B0060677B /* Debug */ = {
			isa = XCBuildConfiguration;
			baseConfigurationReference = 5D79617B44315D04812EFFE9 /* Pods-ChuckNorryFacts-ChuckNorryFactsUITests.debug.xcconfig */;
			buildSettings = {
				ALWAYS_EMBED_SWIFT_STANDARD_LIBRARIES = YES;
				CODE_SIGN_STYLE = Automatic;
				DEVELOPMENT_TEAM = 48FQ2LXW3X;
				INFOPLIST_FILE = ChuckNorryFactsUITests/Info.plist;
				LD_RUNPATH_SEARCH_PATHS = (
					"$(inherited)",
					"@executable_path/Frameworks",
					"@loader_path/Frameworks",
				);
				PRODUCT_BUNDLE_IDENTIFIER = olainternet97.ChuckNorryFactsUITests;
				PRODUCT_NAME = "$(TARGET_NAME)";
				SWIFT_VERSION = 5.0;
				TARGETED_DEVICE_FAMILY = "1,2";
				TEST_TARGET_NAME = ChuckNorryFacts;
			};
			name = Debug;
		};
		42B10C1C26250C6B0060677B /* Release */ = {
			isa = XCBuildConfiguration;
			baseConfigurationReference = 8EC5E21E6491732455563F81 /* Pods-ChuckNorryFacts-ChuckNorryFactsUITests.release.xcconfig */;
			buildSettings = {
				ALWAYS_EMBED_SWIFT_STANDARD_LIBRARIES = YES;
				CODE_SIGN_STYLE = Automatic;
				DEVELOPMENT_TEAM = 48FQ2LXW3X;
				INFOPLIST_FILE = ChuckNorryFactsUITests/Info.plist;
				LD_RUNPATH_SEARCH_PATHS = (
					"$(inherited)",
					"@executable_path/Frameworks",
					"@loader_path/Frameworks",
				);
				PRODUCT_BUNDLE_IDENTIFIER = olainternet97.ChuckNorryFactsUITests;
				PRODUCT_NAME = "$(TARGET_NAME)";
				SWIFT_VERSION = 5.0;
				TARGETED_DEVICE_FAMILY = "1,2";
				TEST_TARGET_NAME = ChuckNorryFacts;
			};
			name = Release;
		};
/* End XCBuildConfiguration section */

/* Begin XCConfigurationList section */
		42B10BE526250C670060677B /* Build configuration list for PBXProject "ChuckNorryFacts" */ = {
			isa = XCConfigurationList;
			buildConfigurations = (
				42B10C1226250C6B0060677B /* Debug */,
				42B10C1326250C6B0060677B /* Release */,
			);
			defaultConfigurationIsVisible = 0;
			defaultConfigurationName = Release;
		};
		42B10C1426250C6B0060677B /* Build configuration list for PBXNativeTarget "ChuckNorryFacts" */ = {
			isa = XCConfigurationList;
			buildConfigurations = (
				42B10C1526250C6B0060677B /* Debug */,
				42B10C1626250C6B0060677B /* Release */,
			);
			defaultConfigurationIsVisible = 0;
			defaultConfigurationName = Release;
		};
		42B10C1726250C6B0060677B /* Build configuration list for PBXNativeTarget "ChuckNorryFactsTests" */ = {
			isa = XCConfigurationList;
			buildConfigurations = (
				42B10C1826250C6B0060677B /* Debug */,
				42B10C1926250C6B0060677B /* Release */,
			);
			defaultConfigurationIsVisible = 0;
			defaultConfigurationName = Release;
		};
		42B10C1A26250C6B0060677B /* Build configuration list for PBXNativeTarget "ChuckNorryFactsUITests" */ = {
			isa = XCConfigurationList;
			buildConfigurations = (
				42B10C1B26250C6B0060677B /* Debug */,
				42B10C1C26250C6B0060677B /* Release */,
			);
			defaultConfigurationIsVisible = 0;
			defaultConfigurationName = Release;
		};
/* End XCConfigurationList section */
	};
	rootObject = 42B10BE226250C670060677B /* Project object */;
}
